{
  "name": "@skymunn/teh-saset-botol",
  "version": "1.0.1",
  "lockfileVersion": 3,
  "requires": true,
  "packages": {
    "": {
      "name": "@skymunn/teh-saset-botol",
      "version": "1.0.1",
      "license": "ISC",
      "dependencies": {
        "@kakushin/agni": "^0.0.1"
      }
    },
    "node_modules/@hono/node-server": {
      "version": "1.8.2",
      "resolved": "https://registry.npmjs.org/@hono/node-server/-/node-server-1.8.2.tgz",
      "integrity": "sha512-h8l2TBLCPHZBUrrkosZ6L5CpBLj6zdESyF4B+zngiCDF7aZFQJ0alVbLx7jn8PCVi9EyoFf8a4hOZFi1tD95EA==",
      "engines": {
        "node": ">=18.14.1"
      }
    },
    "node_modules/@kakushin/agni": {
      "version": "0.0.1",
      "resolved": "https://registry.npmjs.org/@kakushin/agni/-/agni-0.0.1.tgz",
      "integrity": "sha512-Y4s3FVnA2fmUsGv2yQbx6C+stDmREHRgmG2S8MVFkY+DSk2SLEGiv0o814IbnqFRW4/21tRP8P9pRyWAqNNUsw==",
      "dependencies": {
        "@hono/node-server": "^1.8.2",
        "hono": "^4.0.10",
        "reflect-metadata": "^0.2.1"
      }
    },
    "node_modules/hono": {
      "version": "4.1.0",
      "resolved": "https://registry.npmjs.org/hono/-/hono-4.1.0.tgz",
      "integrity": "sha512-9no6DCHb4ijB1tWdFXU6JnrnFgzwVZ1cnIcS1BjAFnMcjbtBTOMsQrDrPH3GXbkNEEEkj8kWqcYBy8Qc0bBkJQ==",
      "engines": {
        "node": ">=16.0.0"
      }
    },
    "node_modules/reflect-metadata": {
      "version": "0.2.1",
      "resolved": "https://registry.npmjs.org/reflect-metadata/-/reflect-metadata-0.2.1.tgz",
      "integrity": "sha512-i5lLI6iw9AU3Uu4szRNPPEkomnkjRTaVt9hy/bn5g/oSzekBSMeLZblcjP74AW0vBabqERLLIrz+gR8QYR54Tw=="
    }
  }
}
